
Microsoft Visual Studio Solution File, Format Version 12.00
# Visual Studio Version 17
Project("{8BC9CEB8-8B4A-11D0-8D11-00A0C91BC942}") = "ALL_BUILD", "ALL_BUILD.vcxproj", "{FD3C2BED-5B52-3489-BF2D-C78F493939E2}"
	ProjectSection(ProjectDependencies) = postProject
		{4580326D-D695-3CFC-A52B-C2FAFA47EAD2} = {4580326D-D695-3CFC-A52B-C2FAFA47EAD2}
		{201DEB1C-30BA-35BB-B968-FDE9D25ADBD3} = {201DEB1C-30BA-35BB-B968-FDE9D25ADBD3}
		{B49D5AE1-F561-388D-98B6-AE4D39472DC6} = {B49D5AE1-F561-388D-98B6-AE4D39472DC6}
		{618989FB-6AD3-3A6B-99CA-3A71D9882ADA} = {618989FB-6AD3-3A6B-99CA-3A71D9882ADA}
		{6957CE49-D34C-39D7-8D78-2403F01FBC16} = {6957CE49-D34C-39D7-8D78-2403F01FBC16}
		{90809A9F-2AA1-3BED-BD90-DF3A24E060C7} = {90809A9F-2AA1-3BED-BD90-DF3A24E060C7}
		{C55219E3-F87B-3D45-A57F-C0661E7BE36E} = {C55219E3-F87B-3D45-A57F-C0661E7BE36E}
		{F58C6386-60EF-37C1-B0A2-0DD6D8DCBED8} = {F58C6386-60EF-37C1-B0A2-0DD6D8DCBED8}
		{D94D1169-B65B-37AB-999F-960CF7AAE93E} = {D94D1169-B65B-37AB-999F-960CF7AAE93E}
		{93702090-2480-383B-9AF4-D3D679A50226} = {93702090-2480-383B-9AF4-D3D679A50226}
		{AFD4CF0B-B36C-3708-8F59-6207EBADFB3E} = {AFD4CF0B-B36C-3708-8F59-6207EBADFB3E}
		{B8747DF5-CA4C-3903-A4EE-B63ED153FE4D} = {B8747DF5-CA4C-3903-A4EE-B63ED153FE4D}
		{A14B8543-C9DE-3986-97A1-4208C5933A31} = {A14B8543-C9DE-3986-97A1-4208C5933A31}
	EndProjectSection
EndProject
Project("{8BC9CEB8-8B4A-11D0-8D11-00A0C91BC942}") = "INSTALL", "INSTALL.vcxproj", "{11AD67CE-FDA3-32D3-99A1-AB4B4C61D62A}"
	ProjectSection(ProjectDependencies) = postProject
		{FD3C2BED-5B52-3489-BF2D-C78F493939E2} = {FD3C2BED-5B52-3489-BF2D-C78F493939E2}
		{4580326D-D695-3CFC-A52B-C2FAFA47EAD2} = {4580326D-D695-3CFC-A52B-C2FAFA47EAD2}
	EndProjectSection
EndProject
Project("{8BC9CEB8-8B4A-11D0-8D11-00A0C91BC942}") = "RUN_TESTS", "RUN_TESTS.vcxproj", "{7046B8F8-4C81-3BC2-BEC5-C0C61ACB5704}"
	ProjectSection(ProjectDependencies) = postProject
		{4580326D-D695-3CFC-A52B-C2FAFA47EAD2} = {4580326D-D695-3CFC-A52B-C2FAFA47EAD2}
	EndProjectSection
EndProject
Project("{8BC9CEB8-8B4A-11D0-8D11-00A0C91BC942}") = "ZERO_CHECK", "ZERO_CHECK.vcxproj", "{4580326D-D695-3CFC-A52B-C2FAFA47EAD2}"
	ProjectSection(ProjectDependencies) = postProject
	EndProjectSection
EndProject
Project("{8BC9CEB8-8B4A-11D0-8D11-00A0C91BC942}") = "gmock", "googletest\googlemock\gmock.vcxproj", "{201DEB1C-30BA-35BB-B968-FDE9D25ADBD3}"
	ProjectSection(ProjectDependencies) = postProject
		{4580326D-D695-3CFC-A52B-C2FAFA47EAD2} = {4580326D-D695-3CFC-A52B-C2FAFA47EAD2}
	EndProjectSection
EndProject
Project("{8BC9CEB8-8B4A-11D0-8D11-00A0C91BC942}") = "gmock_main", "googletest\googlemock\gmock_main.vcxproj", "{B49D5AE1-F561-388D-98B6-AE4D39472DC6}"
	ProjectSection(ProjectDependencies) = postProject
		{4580326D-D695-3CFC-A52B-C2FAFA47EAD2} = {4580326D-D695-3CFC-A52B-C2FAFA47EAD2}
	EndProjectSection
EndProject
Project("{8BC9CEB8-8B4A-11D0-8D11-00A0C91BC942}") = "gtest", "googletest\googletest\gtest.vcxproj", "{618989FB-6AD3-3A6B-99CA-3A71D9882ADA}"
	ProjectSection(ProjectDependencies) = postProject
		{4580326D-D695-3CFC-A52B-C2FAFA47EAD2} = {4580326D-D695-3CFC-A52B-C2FAFA47EAD2}
	EndProjectSection
EndProject
Project("{8BC9CEB8-8B4A-11D0-8D11-00A0C91BC942}") = "gtest_main", "googletest\googletest\gtest_main.vcxproj", "{6957CE49-D34C-39D7-8D78-2403F01FBC16}"
	ProjectSection(ProjectDependencies) = postProject
		{4580326D-D695-3CFC-A52B-C2FAFA47EAD2} = {4580326D-D695-3CFC-A52B-C2FAFA47EAD2}
		{618989FB-6AD3-3A6B-99CA-3A71D9882ADA} = {618989FB-6AD3-3A6B-99CA-3A71D9882ADA}
	EndProjectSection
EndProject
Project("{8BC9CEB8-8B4A-11D0-8D11-00A0C91BC942}") = "libpolynomial", "polynomial\libpolynomial.vcxproj", "{90809A9F-2AA1-3BED-BD90-DF3A24E060C7}"
	ProjectSection(ProjectDependencies) = postProject
		{4580326D-D695-3CFC-A52B-C2FAFA47EAD2} = {4580326D-D695-3CFC-A52B-C2FAFA47EAD2}
	EndProjectSection
EndProject
Project("{8BC9CEB8-8B4A-11D0-8D11-00A0C91BC942}") = "librotate", "rotate\librotate.vcxproj", "{C55219E3-F87B-3D45-A57F-C0661E7BE36E}"
	ProjectSection(ProjectDependencies) = postProject
		{4580326D-D695-3CFC-A52B-C2FAFA47EAD2} = {4580326D-D695-3CFC-A52B-C2FAFA47EAD2}
	EndProjectSection
EndProject
Project("{8BC9CEB8-8B4A-11D0-8D11-00A0C91BC942}") = "polynomial", "polynomial\polynomial.vcxproj", "{F58C6386-60EF-37C1-B0A2-0DD6D8DCBED8}"
	ProjectSection(ProjectDependencies) = postProject
		{4580326D-D695-3CFC-A52B-C2FAFA47EAD2} = {4580326D-D695-3CFC-A52B-C2FAFA47EAD2}
		{90809A9F-2AA1-3BED-BD90-DF3A24E060C7} = {90809A9F-2AA1-3BED-BD90-DF3A24E060C7}
	EndProjectSection
EndProject
Project("{8BC9CEB8-8B4A-11D0-8D11-00A0C91BC942}") = "polynomial_tests", "tests\polynomial_tests\polynomial_tests.vcxproj", "{D94D1169-B65B-37AB-999F-960CF7AAE93E}"
	ProjectSection(ProjectDependencies) = postProject
		{4580326D-D695-3CFC-A52B-C2FAFA47EAD2} = {4580326D-D695-3CFC-A52B-C2FAFA47EAD2}
		{618989FB-6AD3-3A6B-99CA-3A71D9882ADA} = {618989FB-6AD3-3A6B-99CA-3A71D9882ADA}
		{6957CE49-D34C-39D7-8D78-2403F01FBC16} = {6957CE49-D34C-39D7-8D78-2403F01FBC16}
		{90809A9F-2AA1-3BED-BD90-DF3A24E060C7} = {90809A9F-2AA1-3BED-BD90-DF3A24E060C7}
	EndProjectSection
EndProject
Project("{8BC9CEB8-8B4A-11D0-8D11-00A0C91BC942}") = "rotate", "rotate\rotate.vcxproj", "{93702090-2480-383B-9AF4-D3D679A50226}"
	ProjectSection(ProjectDependencies) = postProject
		{4580326D-D695-3CFC-A52B-C2FAFA47EAD2} = {4580326D-D695-3CFC-A52B-C2FAFA47EAD2}
		{C55219E3-F87B-3D45-A57F-C0661E7BE36E} = {C55219E3-F87B-3D45-A57F-C0661E7BE36E}
	EndProjectSection
EndProject
Project("{8BC9CEB8-8B4A-11D0-8D11-00A0C91BC942}") = "rotate_tests", "tests\rotate_tests\rotate_tests.vcxproj", "{AFD4CF0B-B36C-3708-8F59-6207EBADFB3E}"
	ProjectSection(ProjectDependencies) = postProject
		{4580326D-D695-3CFC-A52B-C2FAFA47EAD2} = {4580326D-D695-3CFC-A52B-C2FAFA47EAD2}
		{618989FB-6AD3-3A6B-99CA-3A71D9882ADA} = {618989FB-6AD3-3A6B-99CA-3A71D9882ADA}
		{6957CE49-D34C-39D7-8D78-2403F01FBC16} = {6957CE49-D34C-39D7-8D78-2403F01FBC16}
		{C55219E3-F87B-3D45-A57F-C0661E7BE36E} = {C55219E3-F87B-3D45-A57F-C0661E7BE36E}
	EndProjectSection
EndProject
Project("{8BC9CEB8-8B4A-11D0-8D11-00A0C91BC942}") = "square", "square\square.vcxproj", "{B8747DF5-CA4C-3903-A4EE-B63ED153FE4D}"
	ProjectSection(ProjectDependencies) = postProject
		{4580326D-D695-3CFC-A52B-C2FAFA47EAD2} = {4580326D-D695-3CFC-A52B-C2FAFA47EAD2}
	EndProjectSection
EndProject
Project("{8BC9CEB8-8B4A-11D0-8D11-00A0C91BC942}") = "square_dynamic_allocation", "square_dynamic_allocation\square_dynamic_allocation.vcxproj", "{A14B8543-C9DE-3986-97A1-4208C5933A31}"
	ProjectSection(ProjectDependencies) = postProject
		{4580326D-D695-3CFC-A52B-C2FAFA47EAD2} = {4580326D-D695-3CFC-A52B-C2FAFA47EAD2}
	EndProjectSection
EndProject
Global
	GlobalSection(SolutionConfigurationPlatforms) = preSolution
		Debug|x64 = Debug|x64
		Release|x64 = Release|x64
		MinSizeRel|x64 = MinSizeRel|x64
		RelWithDebInfo|x64 = RelWithDebInfo|x64
	EndGlobalSection
	GlobalSection(ProjectConfigurationPlatforms) = postSolution
		{FD3C2BED-5B52-3489-BF2D-C78F493939E2}.Debug|x64.ActiveCfg = Debug|x64
		{FD3C2BED-5B52-3489-BF2D-C78F493939E2}.Debug|x64.Build.0 = Debug|x64
		{FD3C2BED-5B52-3489-BF2D-C78F493939E2}.Release|x64.ActiveCfg = Release|x64
		{FD3C2BED-5B52-3489-BF2D-C78F493939E2}.Release|x64.Build.0 = Release|x64
		{FD3C2BED-5B52-3489-BF2D-C78F493939E2}.MinSizeRel|x64.ActiveCfg = MinSizeRel|x64
		{FD3C2BED-5B52-3489-BF2D-C78F493939E2}.MinSizeRel|x64.Build.0 = MinSizeRel|x64
		{FD3C2BED-5B52-3489-BF2D-C78F493939E2}.RelWithDebInfo|x64.ActiveCfg = RelWithDebInfo|x64
		{FD3C2BED-5B52-3489-BF2D-C78F493939E2}.RelWithDebInfo|x64.Build.0 = RelWithDebInfo|x64
		{11AD67CE-FDA3-32D3-99A1-AB4B4C61D62A}.Debug|x64.ActiveCfg = Debug|x64
		{11AD67CE-FDA3-32D3-99A1-AB4B4C61D62A}.Release|x64.ActiveCfg = Release|x64
		{11AD67CE-FDA3-32D3-99A1-AB4B4C61D62A}.MinSizeRel|x64.ActiveCfg = MinSizeRel|x64
		{11AD67CE-FDA3-32D3-99A1-AB4B4C61D62A}.RelWithDebInfo|x64.ActiveCfg = RelWithDebInfo|x64
		{7046B8F8-4C81-3BC2-BEC5-C0C61ACB5704}.Debug|x64.ActiveCfg = Debug|x64
		{7046B8F8-4C81-3BC2-BEC5-C0C61ACB5704}.Release|x64.ActiveCfg = Release|x64
		{7046B8F8-4C81-3BC2-BEC5-C0C61ACB5704}.MinSizeRel|x64.ActiveCfg = MinSizeRel|x64
		{7046B8F8-4C81-3BC2-BEC5-C0C61ACB5704}.RelWithDebInfo|x64.ActiveCfg = RelWithDebInfo|x64
		{4580326D-D695-3CFC-A52B-C2FAFA47EAD2}.Debug|x64.ActiveCfg = Debug|x64
		{4580326D-D695-3CFC-A52B-C2FAFA47EAD2}.Debug|x64.Build.0 = Debug|x64
		{4580326D-D695-3CFC-A52B-C2FAFA47EAD2}.Release|x64.ActiveCfg = Release|x64
		{4580326D-D695-3CFC-A52B-C2FAFA47EAD2}.Release|x64.Build.0 = Release|x64
		{4580326D-D695-3CFC-A52B-C2FAFA47EAD2}.MinSizeRel|x64.ActiveCfg = MinSizeRel|x64
		{4580326D-D695-3CFC-A52B-C2FAFA47EAD2}.MinSizeRel|x64.Build.0 = MinSizeRel|x64
		{4580326D-D695-3CFC-A52B-C2FAFA47EAD2}.RelWithDebInfo|x64.ActiveCfg = RelWithDebInfo|x64
		{4580326D-D695-3CFC-A52B-C2FAFA47EAD2}.RelWithDebInfo|x64.Build.0 = RelWithDebInfo|x64
		{201DEB1C-30BA-35BB-B968-FDE9D25ADBD3}.Debug|x64.ActiveCfg = Debug|x64
		{201DEB1C-30BA-35BB-B968-FDE9D25ADBD3}.Debug|x64.Build.0 = Debug|x64
		{201DEB1C-30BA-35BB-B968-FDE9D25ADBD3}.Release|x64.ActiveCfg = Release|x64
		{201DEB1C-30BA-35BB-B968-FDE9D25ADBD3}.Release|x64.Build.0 = Release|x64
		{201DEB1C-30BA-35BB-B968-FDE9D25ADBD3}.MinSizeRel|x64.ActiveCfg = MinSizeRel|x64
		{201DEB1C-30BA-35BB-B968-FDE9D25ADBD3}.MinSizeRel|x64.Build.0 = MinSizeRel|x64
		{201DEB1C-30BA-35BB-B968-FDE9D25ADBD3}.RelWithDebInfo|x64.ActiveCfg = RelWithDebInfo|x64
		{201DEB1C-30BA-35BB-B968-FDE9D25ADBD3}.RelWithDebInfo|x64.Build.0 = RelWithDebInfo|x64
		{B49D5AE1-F561-388D-98B6-AE4D39472DC6}.Debug|x64.ActiveCfg = Debug|x64
		{B49D5AE1-F561-388D-98B6-AE4D39472DC6}.Debug|x64.Build.0 = Debug|x64
		{B49D5AE1-F561-388D-98B6-AE4D39472DC6}.Release|x64.ActiveCfg = Release|x64
		{B49D5AE1-F561-388D-98B6-AE4D39472DC6}.Release|x64.Build.0 = Release|x64
		{B49D5AE1-F561-388D-98B6-AE4D39472DC6}.MinSizeRel|x64.ActiveCfg = MinSizeRel|x64
		{B49D5AE1-F561-388D-98B6-AE4D39472DC6}.MinSizeRel|x64.Build.0 = MinSizeRel|x64
		{B49D5AE1-F561-388D-98B6-AE4D39472DC6}.RelWithDebInfo|x64.ActiveCfg = RelWithDebInfo|x64
		{B49D5AE1-F561-388D-98B6-AE4D39472DC6}.RelWithDebInfo|x64.Build.0 = RelWithDebInfo|x64
		{618989FB-6AD3-3A6B-99CA-3A71D9882ADA}.Debug|x64.ActiveCfg = Debug|x64
		{618989FB-6AD3-3A6B-99CA-3A71D9882ADA}.Debug|x64.Build.0 = Debug|x64
		{618989FB-6AD3-3A6B-99CA-3A71D9882ADA}.Release|x64.ActiveCfg = Release|x64
		{618989FB-6AD3-3A6B-99CA-3A71D9882ADA}.Release|x64.Build.0 = Release|x64
		{618989FB-6AD3-3A6B-99CA-3A71D9882ADA}.MinSizeRel|x64.ActiveCfg = MinSizeRel|x64
		{618989FB-6AD3-3A6B-99CA-3A71D9882ADA}.MinSizeRel|x64.Build.0 = MinSizeRel|x64
		{618989FB-6AD3-3A6B-99CA-3A71D9882ADA}.RelWithDebInfo|x64.ActiveCfg = RelWithDebInfo|x64
		{618989FB-6AD3-3A6B-99CA-3A71D9882ADA}.RelWithDebInfo|x64.Build.0 = RelWithDebInfo|x64
		{6957CE49-D34C-39D7-8D78-2403F01FBC16}.Debug|x64.ActiveCfg = Debug|x64
		{6957CE49-D34C-39D7-8D78-2403F01FBC16}.Debug|x64.Build.0 = Debug|x64
		{6957CE49-D34C-39D7-8D78-2403F01FBC16}.Release|x64.ActiveCfg = Release|x64
		{6957CE49-D34C-39D7-8D78-2403F01FBC16}.Release|x64.Build.0 = Release|x64
		{6957CE49-D34C-39D7-8D78-2403F01FBC16}.MinSizeRel|x64.ActiveCfg = MinSizeRel|x64
		{6957CE49-D34C-39D7-8D78-2403F01FBC16}.MinSizeRel|x64.Build.0 = MinSizeRel|x64
		{6957CE49-D34C-39D7-8D78-2403F01FBC16}.RelWithDebInfo|x64.ActiveCfg = RelWithDebInfo|x64
		{6957CE49-D34C-39D7-8D78-2403F01FBC16}.RelWithDebInfo|x64.Build.0 = RelWithDebInfo|x64
		{90809A9F-2AA1-3BED-BD90-DF3A24E060C7}.Debug|x64.ActiveCfg = Debug|x64
		{90809A9F-2AA1-3BED-BD90-DF3A24E060C7}.Debug|x64.Build.0 = Debug|x64
		{90809A9F-2AA1-3BED-BD90-DF3A24E060C7}.Release|x64.ActiveCfg = Release|x64
		{90809A9F-2AA1-3BED-BD90-DF3A24E060C7}.Release|x64.Build.0 = Release|x64
		{90809A9F-2AA1-3BED-BD90-DF3A24E060C7}.MinSizeRel|x64.ActiveCfg = MinSizeRel|x64
		{90809A9F-2AA1-3BED-BD90-DF3A24E060C7}.MinSizeRel|x64.Build.0 = MinSizeRel|x64
		{90809A9F-2AA1-3BED-BD90-DF3A24E060C7}.RelWithDebInfo|x64.ActiveCfg = RelWithDebInfo|x64
		{90809A9F-2AA1-3BED-BD90-DF3A24E060C7}.RelWithDebInfo|x64.Build.0 = RelWithDebInfo|x64
		{C55219E3-F87B-3D45-A57F-C0661E7BE36E}.Debug|x64.ActiveCfg = Debug|x64
		{C55219E3-F87B-3D45-A57F-C0661E7BE36E}.Debug|x64.Build.0 = Debug|x64
		{C55219E3-F87B-3D45-A57F-C0661E7BE36E}.Release|x64.ActiveCfg = Release|x64
		{C55219E3-F87B-3D45-A57F-C0661E7BE36E}.Release|x64.Build.0 = Release|x64
		{C55219E3-F87B-3D45-A57F-C0661E7BE36E}.MinSizeRel|x64.ActiveCfg = MinSizeRel|x64
		{C55219E3-F87B-3D45-A57F-C0661E7BE36E}.MinSizeRel|x64.Build.0 = MinSizeRel|x64
		{C55219E3-F87B-3D45-A57F-C0661E7BE36E}.RelWithDebInfo|x64.ActiveCfg = RelWithDebInfo|x64
		{C55219E3-F87B-3D45-A57F-C0661E7BE36E}.RelWithDebInfo|x64.Build.0 = RelWithDebInfo|x64
		{F58C6386-60EF-37C1-B0A2-0DD6D8DCBED8}.Debug|x64.ActiveCfg = Debug|x64
		{F58C6386-60EF-37C1-B0A2-0DD6D8DCBED8}.Debug|x64.Build.0 = Debug|x64
		{F58C6386-60EF-37C1-B0A2-0DD6D8DCBED8}.Release|x64.ActiveCfg = Release|x64
		{F58C6386-60EF-37C1-B0A2-0DD6D8DCBED8}.Release|x64.Build.0 = Release|x64
		{F58C6386-60EF-37C1-B0A2-0DD6D8DCBED8}.MinSizeRel|x64.ActiveCfg = MinSizeRel|x64
		{F58C6386-60EF-37C1-B0A2-0DD6D8DCBED8}.MinSizeRel|x64.Build.0 = MinSizeRel|x64
		{F58C6386-60EF-37C1-B0A2-0DD6D8DCBED8}.RelWithDebInfo|x64.ActiveCfg = RelWithDebInfo|x64
		{F58C6386-60EF-37C1-B0A2-0DD6D8DCBED8}.RelWithDebInfo|x64.Build.0 = RelWithDebInfo|x64
		{D94D1169-B65B-37AB-999F-960CF7AAE93E}.Debug|x64.ActiveCfg = Debug|x64
		{D94D1169-B65B-37AB-999F-960CF7AAE93E}.Debug|x64.Build.0 = Debug|x64
		{D94D1169-B65B-37AB-999F-960CF7AAE93E}.Release|x64.ActiveCfg = Release|x64
		{D94D1169-B65B-37AB-999F-960CF7AAE93E}.Release|x64.Build.0 = Release|x64
		{D94D1169-B65B-37AB-999F-960CF7AAE93E}.MinSizeRel|x64.ActiveCfg = MinSizeRel|x64
		{D94D1169-B65B-37AB-999F-960CF7AAE93E}.MinSizeRel|x64.Build.0 = MinSizeRel|x64
		{D94D1169-B65B-37AB-999F-960CF7AAE93E}.RelWithDebInfo|x64.ActiveCfg = RelWithDebInfo|x64
		{D94D1169-B65B-37AB-999F-960CF7AAE93E}.RelWithDebInfo|x64.Build.0 = RelWithDebInfo|x64
		{93702090-2480-383B-9AF4-D3D679A50226}.Debug|x64.ActiveCfg = Debug|x64
		{93702090-2480-383B-9AF4-D3D679A50226}.Debug|x64.Build.0 = Debug|x64
		{93702090-2480-383B-9AF4-D3D679A50226}.Release|x64.ActiveCfg = Release|x64
		{93702090-2480-383B-9AF4-D3D679A50226}.Release|x64.Build.0 = Release|x64
		{93702090-2480-383B-9AF4-D3D679A50226}.MinSizeRel|x64.ActiveCfg = MinSizeRel|x64
		{93702090-2480-383B-9AF4-D3D679A50226}.MinSizeRel|x64.Build.0 = MinSizeRel|x64
		{93702090-2480-383B-9AF4-D3D679A50226}.RelWithDebInfo|x64.ActiveCfg = RelWithDebInfo|x64
		{93702090-2480-383B-9AF4-D3D679A50226}.RelWithDebInfo|x64.Build.0 = RelWithDebInfo|x64
		{AFD4CF0B-B36C-3708-8F59-6207EBADFB3E}.Debug|x64.ActiveCfg = Debug|x64
		{AFD4CF0B-B36C-3708-8F59-6207EBADFB3E}.Debug|x64.Build.0 = Debug|x64
		{AFD4CF0B-B36C-3708-8F59-6207EBADFB3E}.Release|x64.ActiveCfg = Release|x64
		{AFD4CF0B-B36C-3708-8F59-6207EBADFB3E}.Release|x64.Build.0 = Release|x64
		{AFD4CF0B-B36C-3708-8F59-6207EBADFB3E}.MinSizeRel|x64.ActiveCfg = MinSizeRel|x64
		{AFD4CF0B-B36C-3708-8F59-6207EBADFB3E}.MinSizeRel|x64.Build.0 = MinSizeRel|x64
		{AFD4CF0B-B36C-3708-8F59-6207EBADFB3E}.RelWithDebInfo|x64.ActiveCfg = RelWithDebInfo|x64
		{AFD4CF0B-B36C-3708-8F59-6207EBADFB3E}.RelWithDebInfo|x64.Build.0 = RelWithDebInfo|x64
		{B8747DF5-CA4C-3903-A4EE-B63ED153FE4D}.Debug|x64.ActiveCfg = Debug|x64
		{B8747DF5-CA4C-3903-A4EE-B63ED153FE4D}.Debug|x64.Build.0 = Debug|x64
		{B8747DF5-CA4C-3903-A4EE-B63ED153FE4D}.Release|x64.ActiveCfg = Release|x64
		{B8747DF5-CA4C-3903-A4EE-B63ED153FE4D}.Release|x64.Build.0 = Release|x64
		{B8747DF5-CA4C-3903-A4EE-B63ED153FE4D}.MinSizeRel|x64.ActiveCfg = MinSizeRel|x64
		{B8747DF5-CA4C-3903-A4EE-B63ED153FE4D}.MinSizeRel|x64.Build.0 = MinSizeRel|x64
		{B8747DF5-CA4C-3903-A4EE-B63ED153FE4D}.RelWithDebInfo|x64.ActiveCfg = RelWithDebInfo|x64
		{B8747DF5-CA4C-3903-A4EE-B63ED153FE4D}.RelWithDebInfo|x64.Build.0 = RelWithDebInfo|x64
		{A14B8543-C9DE-3986-97A1-4208C5933A31}.Debug|x64.ActiveCfg = Debug|x64
		{A14B8543-C9DE-3986-97A1-4208C5933A31}.Debug|x64.Build.0 = Debug|x64
		{A14B8543-C9DE-3986-97A1-4208C5933A31}.Release|x64.ActiveCfg = Release|x64
		{A14B8543-C9DE-3986-97A1-4208C5933A31}.Release|x64.Build.0 = Release|x64
		{A14B8543-C9DE-3986-97A1-4208C5933A31}.MinSizeRel|x64.ActiveCfg = MinSizeRel|x64
		{A14B8543-C9DE-3986-97A1-4208C5933A31}.MinSizeRel|x64.Build.0 = MinSizeRel|x64
		{A14B8543-C9DE-3986-97A1-4208C5933A31}.RelWithDebInfo|x64.ActiveCfg = RelWithDebInfo|x64
		{A14B8543-C9DE-3986-97A1-4208C5933A31}.RelWithDebInfo|x64.Build.0 = RelWithDebInfo|x64
	EndGlobalSection
	GlobalSection(ExtensibilityGlobals) = postSolution
		SolutionGuid = {CDAF8AC5-1148-3794-8E82-E1683F6FE5D7}
	EndGlobalSection
	GlobalSection(ExtensibilityAddIns) = postSolution
	EndGlobalSection
EndGlobal
