
Microsoft Visual Studio Solution File, Format Version 12.00
# Visual Studio Version 17
Project("{8BC9CEB8-8B4A-11D0-8D11-00A0C91BC942}") = "ALL_BUILD", "ALL_BUILD.vcxproj", "{FD3C2BED-5B52-3489-BF2D-C78F493939E2}"
	ProjectSection(ProjectDependencies) = postProject
		{4580326D-D695-3CFC-A52B-C2FAFA47EAD2} = {4580326D-D695-3CFC-A52B-C2FAFA47EAD2}
		{90809A9F-2AA1-3BED-BD90-DF3A24E060C7} = {90809A9F-2AA1-3BED-BD90-DF3A24E060C7}
		{F58C6386-60EF-37C1-B0A2-0DD6D8DCBED8} = {F58C6386-60EF-37C1-B0A2-0DD6D8DCBED8}
	EndProjectSection
EndProject
Project("{8BC9CEB8-8B4A-11D0-8D11-00A0C91BC942}") = "INSTALL", "INSTALL.vcxproj", "{11AD67CE-FDA3-32D3-99A1-AB4B4C61D62A}"
	ProjectSection(ProjectDependencies) = postProject
		{FD3C2BED-5B52-3489-BF2D-C78F493939E2} = {FD3C2BED-5B52-3489-BF2D-C78F493939E2}
		{4580326D-D695-3CFC-A52B-C2FAFA47EAD2} = {4580326D-D695-3CFC-A52B-C2FAFA47EAD2}
	EndProjectSection
EndProject
Project("{8BC9CEB8-8B4A-11D0-8D11-00A0C91BC942}") = "RUN_TESTS", "RUN_TESTS.vcxproj", "{7046B8F8-4C81-3BC2-BEC5-C0C61ACB5704}"
	ProjectSection(ProjectDependencies) = postProject
		{4580326D-D695-3CFC-A52B-C2FAFA47EAD2} = {4580326D-D695-3CFC-A52B-C2FAFA47EAD2}
	EndProjectSection
EndProject
Project("{8BC9CEB8-8B4A-11D0-8D11-00A0C91BC942}") = "ZERO_CHECK", "..\\ZERO_CHECK.vcxproj", "{4580326D-D695-3CFC-A52B-C2FAFA47EAD2}"
	ProjectSection(ProjectDependencies) = postProject
	EndProjectSection
EndProject
Project("{8BC9CEB8-8B4A-11D0-8D11-00A0C91BC942}") = "libpolynomial", "libpolynomial.vcxproj", "{90809A9F-2AA1-3BED-BD90-DF3A24E060C7}"
	ProjectSection(ProjectDependencies) = postProject
		{4580326D-D695-3CFC-A52B-C2FAFA47EAD2} = {4580326D-D695-3CFC-A52B-C2FAFA47EAD2}
	EndProjectSection
EndProject
Project("{8BC9CEB8-8B4A-11D0-8D11-00A0C91BC942}") = "polynomial", "polynomial.vcxproj", "{F58C6386-60EF-37C1-B0A2-0DD6D8DCBED8}"
	ProjectSection(ProjectDependencies) = postProject
		{4580326D-D695-3CFC-A52B-C2FAFA47EAD2} = {4580326D-D695-3CFC-A52B-C2FAFA47EAD2}
		{90809A9F-2AA1-3BED-BD90-DF3A24E060C7} = {90809A9F-2AA1-3BED-BD90-DF3A24E060C7}
	EndProjectSection
EndProject
Global
	GlobalSection(SolutionConfigurationPlatforms) = preSolution
		Debug|x64 = Debug|x64
		Release|x64 = Release|x64
		MinSizeRel|x64 = MinSizeRel|x64
		RelWithDebInfo|x64 = RelWithDebInfo|x64
	EndGlobalSection
	GlobalSection(ProjectConfigurationPlatforms) = postSolution
		{FD3C2BED-5B52-3489-BF2D-C78F493939E2}.Debug|x64.ActiveCfg = Debug|x64
		{FD3C2BED-5B52-3489-BF2D-C78F493939E2}.Debug|x64.Build.0 = Debug|x64
		{FD3C2BED-5B52-3489-BF2D-C78F493939E2}.Release|x64.ActiveCfg = Release|x64
		{FD3C2BED-5B52-3489-BF2D-C78F493939E2}.Release|x64.Build.0 = Release|x64
		{FD3C2BED-5B52-3489-BF2D-C78F493939E2}.MinSizeRel|x64.ActiveCfg = MinSizeRel|x64
		{FD3C2BED-5B52-3489-BF2D-C78F493939E2}.MinSizeRel|x64.Build.0 = MinSizeRel|x64
		{FD3C2BED-5B52-3489-BF2D-C78F493939E2}.RelWithDebInfo|x64.ActiveCfg = RelWithDebInfo|x64
		{FD3C2BED-5B52-3489-BF2D-C78F493939E2}.RelWithDebInfo|x64.Build.0 = RelWithDebInfo|x64
		{11AD67CE-FDA3-32D3-99A1-AB4B4C61D62A}.Debug|x64.ActiveCfg = Debug|x64
		{11AD67CE-FDA3-32D3-99A1-AB4B4C61D62A}.Release|x64.ActiveCfg = Release|x64
		{11AD67CE-FDA3-32D3-99A1-AB4B4C61D62A}.MinSizeRel|x64.ActiveCfg = MinSizeRel|x64
		{11AD67CE-FDA3-32D3-99A1-AB4B4C61D62A}.RelWithDebInfo|x64.ActiveCfg = RelWithDebInfo|x64
		{7046B8F8-4C81-3BC2-BEC5-C0C61ACB5704}.Debug|x64.ActiveCfg = Debug|x64
		{7046B8F8-4C81-3BC2-BEC5-C0C61ACB5704}.Release|x64.ActiveCfg = Release|x64
		{7046B8F8-4C81-3BC2-BEC5-C0C61ACB5704}.MinSizeRel|x64.ActiveCfg = MinSizeRel|x64
		{7046B8F8-4C81-3BC2-BEC5-C0C61ACB5704}.RelWithDebInfo|x64.ActiveCfg = RelWithDebInfo|x64
		{4580326D-D695-3CFC-A52B-C2FAFA47EAD2}.Debug|x64.ActiveCfg = Debug|x64
		{4580326D-D695-3CFC-A52B-C2FAFA47EAD2}.Debug|x64.Build.0 = Debug|x64
		{4580326D-D695-3CFC-A52B-C2FAFA47EAD2}.Release|x64.ActiveCfg = Release|x64
		{4580326D-D695-3CFC-A52B-C2FAFA47EAD2}.Release|x64.Build.0 = Release|x64
		{4580326D-D695-3CFC-A52B-C2FAFA47EAD2}.MinSizeRel|x64.ActiveCfg = MinSizeRel|x64
		{4580326D-D695-3CFC-A52B-C2FAFA47EAD2}.MinSizeRel|x64.Build.0 = MinSizeRel|x64
		{4580326D-D695-3CFC-A52B-C2FAFA47EAD2}.RelWithDebInfo|x64.ActiveCfg = RelWithDebInfo|x64
		{4580326D-D695-3CFC-A52B-C2FAFA47EAD2}.RelWithDebInfo|x64.Build.0 = RelWithDebInfo|x64
		{90809A9F-2AA1-3BED-BD90-DF3A24E060C7}.Debug|x64.ActiveCfg = Debug|x64
		{90809A9F-2AA1-3BED-BD90-DF3A24E060C7}.Debug|x64.Build.0 = Debug|x64
		{90809A9F-2AA1-3BED-BD90-DF3A24E060C7}.Release|x64.ActiveCfg = Release|x64
		{90809A9F-2AA1-3BED-BD90-DF3A24E060C7}.Release|x64.Build.0 = Release|x64
		{90809A9F-2AA1-3BED-BD90-DF3A24E060C7}.MinSizeRel|x64.ActiveCfg = MinSizeRel|x64
		{90809A9F-2AA1-3BED-BD90-DF3A24E060C7}.MinSizeRel|x64.Build.0 = MinSizeRel|x64
		{90809A9F-2AA1-3BED-BD90-DF3A24E060C7}.RelWithDebInfo|x64.ActiveCfg = RelWithDebInfo|x64
		{90809A9F-2AA1-3BED-BD90-DF3A24E060C7}.RelWithDebInfo|x64.Build.0 = RelWithDebInfo|x64
		{F58C6386-60EF-37C1-B0A2-0DD6D8DCBED8}.Debug|x64.ActiveCfg = Debug|x64
		{F58C6386-60EF-37C1-B0A2-0DD6D8DCBED8}.Debug|x64.Build.0 = Debug|x64
		{F58C6386-60EF-37C1-B0A2-0DD6D8DCBED8}.Release|x64.ActiveCfg = Release|x64
		{F58C6386-60EF-37C1-B0A2-0DD6D8DCBED8}.Release|x64.Build.0 = Release|x64
		{F58C6386-60EF-37C1-B0A2-0DD6D8DCBED8}.MinSizeRel|x64.ActiveCfg = MinSizeRel|x64
		{F58C6386-60EF-37C1-B0A2-0DD6D8DCBED8}.MinSizeRel|x64.Build.0 = MinSizeRel|x64
		{F58C6386-60EF-37C1-B0A2-0DD6D8DCBED8}.RelWithDebInfo|x64.ActiveCfg = RelWithDebInfo|x64
		{F58C6386-60EF-37C1-B0A2-0DD6D8DCBED8}.RelWithDebInfo|x64.Build.0 = RelWithDebInfo|x64
	EndGlobalSection
	GlobalSection(ExtensibilityGlobals) = postSolution
		SolutionGuid = {133BE48E-A3FE-3718-80BA-2CFA73959321}
	EndGlobalSection
	GlobalSection(ExtensibilityAddIns) = postSolution
	EndGlobalSection
EndGlobal
