<?xml version="1.0" encoding="utf-8"?>
<Project ToolsVersion="17.0" xmlns="http://schemas.microsoft.com/developer/msbuild/2003">
  <ItemGroup>
    <CustomBuild Include="C:\Users\Anton\Documents\Fh-Rosenheim\TH-Rosenheim-Backup\INF\PrgT\Cpp\00-toolchain-setup\CMakeFiles\bb2d1f732c88d2026041e9974248e4ac\INSTALL_force.rule">
      <Filter>CMake Rules</Filter>
    </CustomBuild>
  </ItemGroup>
  <ItemGroup>
    <Filter Include="CMake Rules">
      <UniqueIdentifier>{F8676E70-A153-35EC-AFA4-987133B78447}</UniqueIdentifier>
    </Filter>
  </ItemGroup>
</Project>
